// !$*UTF8*$!
{
	archiveVersion = 1;
	classes = {
	};
	objectVersion = 48;
	objects = {

/* Begin PBXBuildFile section */
		F250FA8C200E245C0078C22C /* AppDelegate.m in Sources */ = {isa = PBXBuildFile; fileRef = F250FA8B200E245C0078C22C /* AppDelegate.m */; };
		F250FA8F200E245C0078C22C /* ViewController.m in Sources */ = {isa = PBXBuildFile; fileRef = F250FA8E200E245C0078C22C /* ViewController.m */; };
		F250FA92200E245C0078C22C /* Main.storyboard in Resources */ = {isa = PBXBuildFile; fileRef = F250FA90200E245C0078C22C /* Main.storyboard */; };
		F250FA94200E245C0078C22C /* Assets.xcassets in Resources */ = {isa = PBXBuildFile; fileRef = F250FA93200E245C0078C22C /* Assets.xcassets */; };
		F250FA97200E245C0078C22C /* LaunchScreen.storyboard in Resources */ = {isa = PBXBuildFile; fileRef = F250FA95200E245C0078C22C /* LaunchScreen.storyboard */; };
		F250FA9A200E245C0078C22C /* main.m in Sources */ = {isa = PBXBuildFile; fileRef = F250FA99200E245C0078C22C /* main.m */; };
		F250FAA8200E25430078C22C /* CollectionViewLabelCell.m in Sources */ = {isa = PBXBuildFile; fileRef = F250FAA6200E25430078C22C /* CollectionViewLabelCell.m */; };
		F250FAA9200E25430078C22C /* CollectionViewLabelCell.xib in Resources */ = {isa = PBXBuildFile; fileRef = F250FAA7200E25430078C22C /* CollectionViewLabelCell.xib */; };
		F250FAAD200E26410078C22C /* HorizontallyPageableFlowLayout.m in Sources */ = {isa = PBXBuildFile; fileRef = F250FAAC200E26410078C22C /* HorizontallyPageableFlowLayout.m */; };
/* End PBXBuildFile section */

/* Begin PBXFileReference section */
		F250FA87200E245C0078C22C /* HorizontallyPageableFlowLayout.app */ = {isa = PBXFileReference; explicitFileType = wrapper.application; includeInIndex = 0; path = HorizontallyPageableFlowLayout.app; sourceTree = BUILT_PRODUCTS_DIR; };
		F250FA8A200E245C0078C22C /* AppDelegate.h */ = {isa = PBXFileReference; lastKnownFileType = sourcecode.c.h; path = AppDelegate.h; sourceTree = "<group>"; };
		F250FA8B200E245C0078C22C /* AppDelegate.m */ = {isa = PBXFileReference; lastKnownFileType = sourcecode.c.objc; path = AppDelegate.m; sourceTree = "<group>"; };
		F250FA8D200E245C0078C22C /* ViewController.h */ = {isa = PBXFileReference; lastKnownFileType = sourcecode.c.h; path = ViewController.h; sourceTree = "<group>"; };
		F250FA8E200E245C0078C22C /* ViewController.m */ = {isa = PBXFileReference; lastKnownFileType = sourcecode.c.objc; path = ViewController.m; sourceTree = "<group>"; };
		F250FA91200E245C0078C22C /* Base */ = {isa = PBXFileReference; lastKnownFileType = file.storyboard; name = Base; path = Base.lproj/Main.storyboard; sourceTree = "<group>"; };
		F250FA93200E245C0078C22C /* Assets.xcassets */ = {isa = PBXFileReference; lastKnownFileType = folder.assetcatalog; path = Assets.xcassets; sourceTree = "<group>"; };
		F250FA96200E245C0078C22C /* Base */ = {isa = PBXFileReference; lastKnownFileType = file.storyboard; name = Base; path = Base.lproj/LaunchScreen.storyboard; sourceTree = "<group>"; };
		F250FA98200E245C0078C22C /* Info.plist */ = {isa = PBXFileReference; lastKnownFileType = text.plist.xml; path = Info.plist; sourceTree = "<group>"; };
		F250FA99200E245C0078C22C /* main.m */ = {isa = PBXFileReference; lastKnownFileType = sourcecode.c.objc; path = main.m; sourceTree = "<group>"; };
		F250FAA5200E25430078C22C /* CollectionViewLabelCell.h */ = {isa = PBXFileReference; lastKnownFileType = sourcecode.c.h; path = CollectionViewLabelCell.h; sourceTree = "<group>"; };
		F250FAA6200E25430078C22C /* CollectionViewLabelCell.m */ = {isa = PBXFileReference; lastKnownFileType = sourcecode.c.objc; path = CollectionViewLabelCell.m; sourceTree = "<group>"; };
		F250FAA7200E25430078C22C /* CollectionViewLabelCell.xib */ = {isa = PBXFileReference; lastKnownFileType = file.xib; path = CollectionViewLabelCell.xib; sourceTree = "<group>"; };
		F250FAAB200E26410078C22C /* HorizontallyPageableFlowLayout.h */ = {isa = PBXFileReference; lastKnownFileType = sourcecode.c.h; path = HorizontallyPageableFlowLayout.h; sourceTree = "<group>"; };
		F250FAAC200E26410078C22C /* HorizontallyPageableFlowLayout.m */ = {isa = PBXFileReference; lastKnownFileType = sourcecode.c.objc; path = HorizontallyPageableFlowLayout.m; sourceTree = "<group>"; };
/* End PBXFileReference section */

/* Begin PBXFrameworksBuildPhase section */
		F250FA84200E245C0078C22C /* Frameworks */ = {
			isa = PBXFrameworksBuildPhase;
			buildActionMask = 2147483647;
			files = (
			);
			runOnlyForDeploymentPostprocessing = 0;
		};
/* End PBXFrameworksBuildPhase section */

/* Begin PBXGroup section */
		F250FA7E200E245C0078C22C = {
			isa = PBXGroup;
			children = (
				F250FA89200E245C0078C22C /* HorizontallyPageableFlowLayout */,
				F250FA88200E245C0078C22C /* Products */,
			);
			sourceTree = "<group>";
		};
		F250FA88200E245C0078C22C /* Products */ = {
			isa = PBXGroup;
			children = (
				F250FA87200E245C0078C22C /* HorizontallyPageableFlowLayout.app */,
			);
			name = Products;
			sourceTree = "<group>";
		};
		F250FA89200E245C0078C22C /* HorizontallyPageableFlowLayout */ = {
			isa = PBXGroup;
			children = (
				F250FA8A200E245C0078C22C /* AppDelegate.h */,
				F250FA8B200E245C0078C22C /* AppDelegate.m */,
				F250FAAA200E26200078C22C /* HorizontallyPageableFlowLayout */,
				F250FA8D200E245C0078C22C /* ViewController.h */,
				F250FA8E200E245C0078C22C /* ViewController.m */,
				F250FAA5200E25430078C22C /* CollectionViewLabelCell.h */,
				F250FAA6200E25430078C22C /* CollectionViewLabelCell.m */,
				F250FAA7200E25430078C22C /* CollectionViewLabelCell.xib */,
				F250FA90200E245C0078C22C /* Main.storyboard */,
				F250FA93200E245C0078C22C /* Assets.xcassets */,
				F250FA95200E245C0078C22C /* LaunchScreen.storyboard */,
				F250FA98200E245C0078C22C /* Info.plist */,
				F250FA99200E245C0078C22C /* main.m */,
			);
			path = HorizontallyPageableFlowLayout;
			sourceTree = "<group>";
		};
		F250FAAA200E26200078C22C /* HorizontallyPageableFlowLayout */ = {
			isa = PBXGroup;
			children = (
				F250FAAB200E26410078C22C /* HorizontallyPageableFlowLayout.h */,
				F250FAAC200E26410078C22C /* HorizontallyPageableFlowLayout.m */,
			);
			path = HorizontallyPageableFlowLayout;
			sourceTree = "<group>";
		};
/* End PBXGroup section */

/* Begin PBXNativeTarget section */
		F250FA86200E245C0078C22C /* HorizontallyPageableFlowLayout */ = {
			isa = PBXNativeTarget;
			buildConfigurationList = F250FA9D200E245C0078C22C /* Build configuration list for PBXNativeTarget "HorizontallyPageableFlowLayout" */;
			buildPhases = (
				F250FA83200E245C0078C22C /* Sources */,
				F250FA84200E245C0078C22C /* Frameworks */,
				F250FA85200E245C0078C22C /* Resources */,
			);
			buildRules = (
			);
			dependencies = (
			);
			name = HorizontallyPageableFlowLayout;
			productName = HorizontallyPageableFlowLayout;
			productReference = F250FA87200E245C0078C22C /* HorizontallyPageableFlowLayout.app */;
			productType = "com.apple.product-type.application";
		};
/* End PBXNativeTarget section */

/* Begin PBXProject section */
		F250FA7F200E245C0078C22C /* Project object */ = {
			isa = PBXProject;
			attributes = {
				LastUpgradeCheck = 0920;
				ORGANIZATIONNAME = "车";
				TargetAttributes = {
					F250FA86200E245C0078C22C = {
						CreatedOnToolsVersion = 9.2;
						ProvisioningStyle = Automatic;
					};
				};
			};
			buildConfigurationList = F250FA82200E245C0078C22C /* Build configuration list for PBXProject "HorizontallyPageableFlowLayout" */;
			compatibilityVersion = "Xcode 8.0";
			developmentRegion = en;
			hasScannedForEncodings = 0;
			knownRegions = (
				en,
				Base,
			);
			mainGroup = F250FA7E200E245C0078C22C;
			productRefGroup = F250FA88200E245C0078C22C /* Products */;
			projectDirPath = "";
			projectRoot = "";
			targets = (
				F250FA86200E245C0078C22C /* HorizontallyPageableFlowLayout */,
			);
		};
/* End PBXProject section */

/* Begin PBXResourcesBuildPhase section */
		F250FA85200E245C0078C22C /* Resources */ = {
			isa = PBXResourcesBuildPhase;
			buildActionMask = 2147483647;
			files = (
				F250FA97200E245C0078C22C /* LaunchScreen.storyboard in Resources */,
				F250FA94200E245C0078C22C /* Assets.xcassets in Resources */,
				F250FA92200E245C0078C22C /* Main.storyboard in Resources */,
				F250FAA9200E25430078C22C /* CollectionViewLabelCell.xib in Resources */,
			);
			runOnlyForDeploymentPostprocessing = 0;
		};
/* End PBXResourcesBuildPhase section */

/* Begin PBXSourcesBuildPhase section */
		F250FA83200E245C0078C22C /* Sources */ = {
			isa = PBXSourcesBuildPhase;
			buildActionMask = 2147483647;
			files = (
				F250FA8F200E245C0078C22C /* ViewController.m in Sources */,
				F250FA9A200E245C0078C22C /* main.m in Sources */,
				F250FAA8200E25430078C22C /* CollectionViewLabelCell.m in Sources */,
				F250FAAD200E26410078C22C /* HorizontallyPageableFlowLayout.m in Sources */,
				F250FA8C200E245C0078C22C /* AppDelegate.m in Sources */,
			);
			runOnlyForDeploymentPostprocessing = 0;
		};
/* End PBXSourcesBuildPhase section */

/* Begin PBXVariantGroup section */
		F250FA90200E245C0078C22C /* Main.storyboard */ = {
			isa = PBXVariantGroup;
			children = (
				F250FA91200E245C0078C22C /* Base */,
			);
			name = Main.storyboard;
			sourceTree = "<group>";
		};
		F250FA95200E245C0078C22C /* LaunchScreen.storyboard */ = {
			isa = PBXVariantGroup;
			children = (
				F250FA96200E245C0078C22C /* Base */,
			);
			name = LaunchScreen.storyboard;
			sourceTree = "<group>";
		};
/* End PBXVariantGroup section */

/* Begin XCBuildConfiguration section */
		F250FA9B200E245C0078C22C /* Debug */ = {
			isa = XCBuildConfiguration;
			buildSettings = {
				ALWAYS_SEARCH_USER_PATHS = NO;
				CLANG_ANALYZER_NONNULL = YES;
				CLANG_ANALYZER_NUMBER_OBJECT_CONVERSION = YES_AGGRESSIVE;
				CLANG_CXX_LANGUAGE_STANDARD = "gnu++14";
				CLANG_CXX_LIBRARY = "libc++";
				CLANG_ENABLE_MODULES = YES;
				CLANG_ENABLE_OBJC_ARC = YES;
				CLANG_WARN_BLOCK_CAPTURE_AUTORELEASING = YES;
				CLANG_WARN_BOOL_CONVERSION = YES;
				CLANG_WARN_COMMA = YES;
				CLANG_WARN_CONSTANT_CONVERSION = YES;
				CLANG_WARN_DIRECT_OBJC_ISA_USAGE = YES_ERROR;
				CLANG_WARN_DOCUMENTATION_COMMENTS = YES;
				CLANG_WARN_EMPTY_BODY = YES;
				CLANG_WARN_ENUM_CONVERSION = YES;
				CLANG_WARN_INFINITE_RECURSION = YES;
				CLANG_WARN_INT_CONVERSION = YES;
				CLANG_WARN_NON_LITERAL_NULL_CONVERSION = YES;
				CLANG_WARN_OBJC_LITERAL_CONVERSION = YES;
				CLANG_WARN_OBJC_ROOT_CLASS = YES_ERROR;
				CLANG_WARN_RANGE_LOOP_ANALYSIS = YES;
				CLANG_WARN_STRICT_PROTOTYPES = YES;
				CLANG_WARN_SUSPICIOUS_MOVE = YES;
				CLANG_WARN_UNGUARDED_AVAILABILITY = YES_AGGRESSIVE;
				CLANG_WARN_UNREACHABLE_CODE = YES;
				CLANG_WARN__DUPLICATE_METHOD_MATCH = YES;
				CODE_SIGN_IDENTITY = "iPhone Developer";
				COPY_PHASE_STRIP = NO;
				DEBUG_INFORMATION_FORMAT = dwarf;
				ENABLE_STRICT_OBJC_MSGSEND = YES;
				ENABLE_TESTABILITY = YES;
				GCC_C_LANGUAGE_STANDARD = gnu11;
				GCC_DYNAMIC_NO_PIC = NO;
				GCC_NO_COMMON_BLOCKS = YES;
				GCC_OPTIMIZATION_LEVEL = 0;
				GCC_PREPROCESSOR_DEFINITIONS = (
					"DEBUG=1",
					"$(inherited)",
				);
				GCC_WARN_64_TO_32_BIT_CONVERSION = YES;
				GCC_WARN_ABOUT_RETURN_TYPE = YES_ERROR;
				GCC_WARN_UNDECLARED_SELECTOR = YES;
				GCC_WARN_UNINITIALIZED_AUTOS = YES_AGGRESSIVE;
				GCC_WARN_UNUSED_FUNCTION = YES;
				GCC_WARN_UNUSED_VARIABLE = YES;
				IPHONEOS_DEPLOYMENT_TARGET = 11.2;
				MTL_ENABLE_DEBUG_INFO = YES;
				ONLY_ACTIVE_ARCH = YES;
				SDKROOT = iphoneos;
			};
			name = Debug;
		};
		F250FA9C200E245C0078C22C /* Release */ = {
			isa = XCBuildConfiguration;
			buildSettings = {
				ALWAYS_SEARCH_USER_PATHS = NO;
				CLANG_ANALYZER_NONNULL = YES;
				CLANG_ANALYZER_NUMBER_OBJECT_CONVERSION = YES_AGGRESSIVE;
				CLANG_CXX_LANGUAGE_STANDARD = "gnu++14";
				CLANG_CXX_LIBRARY = "libc++";
				CLANG_ENABLE_MODULES = YES;
				CLANG_ENABLE_OBJC_ARC = YES;
				CLANG_WARN_BLOCK_CAPTURE_AUTORELEASING = YES;
				CLANG_WARN_BOOL_CONVERSION = YES;
				CLANG_WARN_COMMA = YES;
				CLANG_WARN_CONSTANT_CONVERSION = YES;
				CLANG_WARN_DIRECT_OBJC_ISA_USAGE = YES_ERROR;
				CLANG_WARN_DOCUMENTATION_COMMENTS = YES;
				CLANG_WARN_EMPTY_BODY = YES;
				CLANG_WARN_ENUM_CONVERSION = YES;
				CLANG_WARN_INFINITE_RECURSION = YES;
				CLANG_WARN_INT_CONVERSION = YES;
				CLANG_WARN_NON_LITERAL_NULL_CONVERSION = YES;
				CLANG_WARN_OBJC_LITERAL_CONVERSION = YES;
				CLANG_WARN_OBJC_ROOT_CLASS = YES_ERROR;
				CLANG_WARN_RANGE_LOOP_ANALYSIS = YES;
				CLANG_WARN_STRICT_PROTOTYPES = YES;
				CLANG_WARN_SUSPICIOUS_MOVE = YES;
				CLANG_WARN_UNGUARDED_AVAILABILITY = YES_AGGRESSIVE;
				CLANG_WARN_UNREACHABLE_CODE = YES;
				CLANG_WARN__DUPLICATE_METHOD_MATCH = YES;
				CODE_SIGN_IDENTITY = "iPhone Developer";
				COPY_PHASE_STRIP = NO;
				DEBUG_INFORMATION_FORMAT = "dwarf-with-dsym";
				ENABLE_NS_ASSERTIONS = NO;
				ENABLE_STRICT_OBJC_MSGSEND = YES;
				GCC_C_LANGUAGE_STANDARD = gnu11;
				GCC_NO_COMMON_BLOCKS = YES;
				GCC_WARN_64_TO_32_BIT_CONVERSION = YES;
				GCC_WARN_ABOUT_RETURN_TYPE = YES_ERROR;
				GCC_WARN_UNDECLARED_SELECTOR = YES;
				GCC_WARN_UNINITIALIZED_AUTOS = YES_AGGRESSIVE;
				GCC_WARN_UNUSED_FUNCTION = YES;
				GCC_WARN_UNUSED_VARIABLE = YES;
				IPHONEOS_DEPLOYMENT_TARGET = 11.2;
				MTL_ENABLE_DEBUG_INFO = NO;
				SDKROOT = iphoneos;
				VALIDATE_PRODUCT = YES;
			};
			name = Release;
		};
		F250FA9E200E245C0078C22C /* Debug */ = {
			isa = XCBuildConfiguration;
			buildSettings = {
				ASSETCATALOG_COMPILER_APPICON_NAME = AppIcon;
				CODE_SIGN_STYLE = Automatic;
				INFOPLIST_FILE = HorizontallyPageableFlowLayout/Info.plist;
				LD_RUNPATH_SEARCH_PATHS = "$(inherited) @executable_path/Frameworks";
				PRODUCT_BUNDLE_IDENTIFIER = "-.HorizontallyPageableFlowLayout";
				PRODUCT_NAME = "$(TARGET_NAME)";
				TARGETED_DEVICE_FAMILY = "1,2";
			};
			name = Debug;
		};
		F250FA9F200E245C0078C22C /* Release */ = {
			isa = XCBuildConfiguration;
			buildSettings = {
				ASSETCATALOG_COMPILER_APPICON_NAME = AppIcon;
				CODE_SIGN_STYLE = Automatic;
				INFOPLIST_FILE = HorizontallyPageableFlowLayout/Info.plist;
				LD_RUNPATH_SEARCH_PATHS = "$(inherited) @executable_path/Frameworks";
				PRODUCT_BUNDLE_IDENTIFIER = "-.HorizontallyPageableFlowLayout";
				PRODUCT_NAME = "$(TARGET_NAME)";
				TARGETED_DEVICE_FAMILY = "1,2";
			};
			name = Release;
		};
/* End XCBuildConfiguration section */

/* Begin XCConfigurationList section */
		F250FA82200E245C0078C22C /* Build configuration list for PBXProject "HorizontallyPageableFlowLayout" */ = {
			isa = XCConfigurationList;
			buildConfigurations = (
				F250FA9B200E245C0078C22C /* Debug */,
				F250FA9C200E245C0078C22C /* Release */,
			);
			defaultConfigurationIsVisible = 0;
			defaultConfigurationName = Release;
		};
		F250FA9D200E245C0078C22C /* Build configuration list for PBXNativeTarget "HorizontallyPageableFlowLayout" */ = {
			isa = XCConfigurationList;
			buildConfigurations = (
				F250FA9E200E245C0078C22C /* Debug */,
				F250FA9F200E245C0078C22C /* Release */,
			);
			defaultConfigurationIsVisible = 0;
			defaultConfigurationName = Release;
		};
/* End XCConfigurationList section */
	};
	rootObject = F250FA7F200E245C0078C22C /* Project object */;
}
